
Microsoft Visual Studio Solution File, Format Version 12.00
# Visual Studio Version 16
VisualStudioVersion = 16.0.29409.12
MinimumVisualStudioVersion = 10.0.40219.1
Project("{FAE04EC0-301F-11D3-BF4B-00C04F79EFBC}") = "StarWars", "StarWars\StarWars.csproj", "{8BF457D0-F280-48C4-8C6B-57450AFBD6C8}"
EndProject
Project("{FAE04EC0-301F-11D3-BF4B-00C04F79EFBC}") = "StarWarsApp.Core", "StarWarsApp.Core\StarWarsApp.Core.csproj", "{74573EBE-78AD-4EFD-9FA5-50E13E9D4BF0}"
EndProject
Global
	GlobalSection(SolutionConfigurationPlatforms) = preSolution
		Debug|Any CPU = Debug|Any CPU
		Release|Any CPU = Release|Any CPU
	EndGlobalSection
	GlobalSection(ProjectConfigurationPlatforms) = postSolution
		{8BF457D0-F280-48C4-8C6B-57450AFBD6C8}.Debug|Any CPU.ActiveCfg = Debug|Any CPU
		{8BF457D0-F280-48C4-8C6B-57450AFBD6C8}.Debug|Any CPU.Build.0 = Debug|Any CPU
		{8BF457D0-F280-48C4-8C6B-57450AFBD6C8}.Debug|Any CPU.Deploy.0 = Debug|Any CPU
		{8BF457D0-F280-48C4-8C6B-57450AFBD6C8}.Release|Any CPU.ActiveCfg = Release|Any CPU
		{8BF457D0-F280-48C4-8C6B-57450AFBD6C8}.Release|Any CPU.Build.0 = Release|Any CPU
		{8BF457D0-F280-48C4-8C6B-57450AFBD6C8}.Release|Any CPU.Deploy.0 = Release|Any CPU
		{74573EBE-78AD-4EFD-9FA5-50E13E9D4BF0}.Debug|Any CPU.ActiveCfg = Debug|Any CPU
		{74573EBE-78AD-4EFD-9FA5-50E13E9D4BF0}.Debug|Any CPU.Build.0 = Debug|Any CPU
		{74573EBE-78AD-4EFD-9FA5-50E13E9D4BF0}.Release|Any CPU.ActiveCfg = Release|Any CPU
		{74573EBE-78AD-4EFD-9FA5-50E13E9D4BF0}.Release|Any CPU.Build.0 = Release|Any CPU
	EndGlobalSection
	GlobalSection(SolutionProperties) = preSolution
		HideSolutionNode = FALSE
	EndGlobalSection
	GlobalSection(ExtensibilityGlobals) = postSolution
		SolutionGuid = {93139DBF-708C-4412-8687-C9CDCB937EAB}
	EndGlobalSection
EndGlobal
